
Microsoft Visual Studio Solution File, Format Version 12.00
# Visual Studio 15
VisualStudioVersion = 15.0.28307.572
MinimumVisualStudioVersion = 10.0.40219.1
Project("{FAE04EC0-301F-11D3-BF4B-00C04F79EFBC}") = "SwitchBoardSimulation", "SwitchBoardSimulation\SwitchBoardSimulation.csproj", "{EAD87587-74BB-40AA-9BF7-AE6FADF7DE5E}"
EndProject
Global
	GlobalSection(SolutionConfigurationPlatforms) = preSolution
		Debug|Any CPU = Debug|Any CPU
		Release|Any CPU = Release|Any CPU
	EndGlobalSection
	GlobalSection(ProjectConfigurationPlatforms) = postSolution
		{EAD87587-74BB-40AA-9BF7-AE6FADF7DE5E}.Debug|Any CPU.ActiveCfg = Debug|Any CPU
		{EAD87587-74BB-40AA-9BF7-AE6FADF7DE5E}.Debug|Any CPU.Build.0 = Debug|Any CPU
		{EAD87587-74BB-40AA-9BF7-AE6FADF7DE5E}.Release|Any CPU.ActiveCfg = Release|Any CPU
		{EAD87587-74BB-40AA-9BF7-AE6FADF7DE5E}.Release|Any CPU.Build.0 = Release|Any CPU
	EndGlobalSection
	GlobalSection(SolutionProperties) = preSolution
		HideSolutionNode = FALSE
	EndGlobalSection
	GlobalSection(ExtensibilityGlobals) = postSolution
		SolutionGuid = {51FC6729-9CC7-4370-B5E5-87ED01FDC21C}
	EndGlobalSection
EndGlobal
